{
  "name": "myproject",
  "version": "1.0.0",
  "lockfileVersion": 1,
  "requires": true,
  "dependencies": {
    "countimer": {
      "version": "1.0.1",
      "resolved": "https://registry.npmjs.org/countimer/-/countimer-1.0.1.tgz",
      "integrity": "sha1-S96j42FuyXc0BR8J7/LHDIIgINM=",
      "dev": true
    }
  }
}
